version = 1
revision = 3
requires-python = "==3.11.*"

[[package]]
name = "annotated-types"
version = "0.7.0"
source = { registry = "https://pypi.org/simple" }
sdist = { url = "https://files.pythonhosted.org/packages/ee/67/531ea369ba64dcff5ec9c3402f9f51bf748cec26dde048a2f973a4eea7f5/annotated_types-0.7.0.tar.gz", hash = "sha256:aff07c09a53a08bc8cfccb9c85b05f1aa9a2a6f23728d790723543408344ce89", size = 16081, upload-time = "2024-05-20T21:33:25.928Z" }
wheels = [
    { url = "https://files.pythonhosted.org/packages/78/b6/6307fbef88d9b5ee7421e68d78a9f162e0da4900bc5f5793f6d3d0e34fb8/annotated_types-0.7.0-py3-none-any.whl", hash = "sha256:1f02e8b43a8fbbc3f3e0d4f0f4bfc8131bcb4eebe8849b8e5c773f3a1c582a53", size = 13643, upload-time = "2024-05-20T21:33:24.1Z" },
]

[[package]]
name = "anyio"
version = "4.12.0"
source = { registry = "https://pypi.org/simple" }
dependencies = [
    { name = "idna" },
    { name = "typing-extensions" },
]
sdist = { url = "https://files.pythonhosted.org/packages/16/ce/8a777047513153587e5434fd752e89334ac33e379aa3497db860eeb60377/anyio-4.12.0.tar.gz", hash = "sha256:73c693b567b0c55130c104d0b43a9baf3aa6a31fc6110116509f27bf75e21ec0", size = 228266, upload-time = "2025-11-28T23:37:38.911Z" }
wheels = [
    { url = "https://files.pythonhosted.org/packages/7f/9c/36c5c37947ebfb8c7f22e0eb6e4d188ee2d53aa3880f3f2744fb894f0cb1/anyio-4.12.0-py3-none-any.whl", hash = "sha256:dad2376a628f98eeca4881fc56cd06affd18f659b17a747d3ff0307ced94b1bb", size = 113362, upload-time = "2025-11-28T23:36:57.897Z" },
]

[[package]]
name = "certifi"
version = "2025.11.12"
source = { registry = "https://pypi.org/simple" }
sdist = { url = "https://files.pythonhosted.org/packages/a2/8c/58f469717fa48465e4a50c014a0400602d3c437d7c0c468e17ada824da3a/certifi-2025.11.12.tar.gz", hash = "sha256:d8ab5478f2ecd78af242878415affce761ca6bc54a22a27e026d7c25357c3316", size = 160538, upload-time = "2025-11-12T02:54:51.517Z" }
wheels = [
    { url = "https://files.pythonhosted.org/packages/70/7d/9bc192684cea499815ff478dfcdc13835ddf401365057044fb721ec6bddb/certifi-2025.11.12-py3-none-any.whl", hash = "sha256:97de8790030bbd5c2d96b7ec782fc2f7820ef8dba6db909ccf95449f2d062d4b", size = 159438, upload-time = "2025-11-12T02:54:49.735Z" },
]

[[package]]
name = "colorama"
version = "0.4.6"
source = { registry = "https://pypi.org/simple" }
sdist = { url = "https://files.pythonhosted.org/packages/d8/53/6f443c9a4a8358a93a6792e2acffb9d9d5cb0a5cfd8802644b7b1c9a02e4/colorama-0.4.6.tar.gz", hash = "sha256:08695f5cb7ed6e0531a20572697297273c47b8cae5a63ffc6d6ed5c201be6e44", size = 27697, upload-time = "2022-10-25T02:36:22.414Z" }
wheels = [
    { url = "https://files.pythonhosted.org/packages/d1/d6/3965ed04c63042e047cb6a3e6ed1a63a35087b6a609aa3a15ed8ac56c221/colorama-0.4.6-py2.py3-none-any.whl", hash = "sha256:4f1d9991f5acc0ca119f9d443620b77f9d6b33703e51011c16baf57afb285fc6", size = 25335, upload-time = "2022-10-25T02:36:20.889Z" },
]

[[package]]
name = "greenlet"
version = "3.2.4"
source = { registry = "https://pypi.org/simple" }
sdist = { url = "https://files.pythonhosted.org/packages/03/b8/704d753a5a45507a7aab61f18db9509302ed3d0a27ac7e0359ec2905b1a6/greenlet-3.2.4.tar.gz", hash = "sha256:0dca0d95ff849f9a364385f36ab49f50065d76964944638be9691e1832e9f86d", size = 188260, upload-time = "2025-08-07T13:24:33.51Z" }
wheels = [
    { url = "https://files.pythonhosted.org/packages/a4/de/f28ced0a67749cac23fecb02b694f6473f47686dff6afaa211d186e2ef9c/greenlet-3.2.4-cp311-cp311-macosx_11_0_universal2.whl", hash = "sha256:96378df1de302bc38e99c3a9aa311967b7dc80ced1dcc6f171e99842987882a2", size = 272305, upload-time = "2025-08-07T13:15:41.288Z" },
    { url = "https://files.pythonhosted.org/packages/09/16/2c3792cba130000bf2a31c5272999113f4764fd9d874fb257ff588ac779a/greenlet-3.2.4-cp311-cp311-manylinux2014_aarch64.manylinux_2_17_aarch64.whl", hash = "sha256:1ee8fae0519a337f2329cb78bd7a8e128ec0f881073d43f023c7b8d4831d5246", size = 632472, upload-time = "2025-08-07T13:42:55.044Z" },
    { url = "https://files.pythonhosted.org/packages/ae/8f/95d48d7e3d433e6dae5b1682e4292242a53f22df82e6d3dda81b1701a960/greenlet-3.2.4-cp311-cp311-manylinux2014_ppc64le.manylinux_2_17_ppc64le.whl", hash = "sha256:94abf90142c2a18151632371140b3dba4dee031633fe614cb592dbb6c9e17bc3", size = 644646, upload-time = "2025-08-07T13:45:26.523Z" },
    { url = "https://files.pythonhosted.org/packages/d5/5e/405965351aef8c76b8ef7ad370e5da58d57ef6068df197548b015464001a/greenlet-3.2.4-cp311-cp311-manylinux2014_s390x.manylinux_2_17_s390x.whl", hash = "sha256:4d1378601b85e2e5171b99be8d2dc85f594c79967599328f95c1dc1a40f1c633", size = 640519, upload-time = "2025-08-07T13:53:13.928Z" },
    { url = "https://files.pythonhosted.org/packages/25/5d/382753b52006ce0218297ec1b628e048c4e64b155379331f25a7316eb749/greenlet-3.2.4-cp311-cp311-manylinux2014_x86_64.manylinux_2_17_x86_64.whl", hash = "sha256:0db5594dce18db94f7d1650d7489909b57afde4c580806b8d9203b6e79cdc079", size = 639707, upload-time = "2025-08-07T13:18:27.146Z" },
    { url = "https://files.pythonhosted.org/packages/1f/8e/abdd3f14d735b2929290a018ecf133c901be4874b858dd1c604b9319f064/greenlet-3.2.4-cp311-cp311-manylinux_2_24_x86_64.manylinux_2_28_x86_64.whl", hash = "sha256:2523e5246274f54fdadbce8494458a2ebdcdbc7b802318466ac5606d3cded1f8", size = 587684, upload-time = "2025-08-07T13:18:25.164Z" },
    { url = "https://files.pythonhosted.org/packages/5d/65/deb2a69c3e5996439b0176f6651e0052542bb6c8f8ec2e3fba97c9768805/greenlet-3.2.4-cp311-cp311-musllinux_1_1_aarch64.whl", hash = "sha256:1987de92fec508535687fb807a5cea1560f6196285a4cde35c100b8cd632cc52", size = 1116647, upload-time = "2025-08-07T13:42:38.655Z" },
    { url = "https://files.pythonhosted.org/packages/3f/cc/b07000438a29ac5cfb2194bfc128151d52f333cee74dd7dfe3fb733fc16c/greenlet-3.2.4-cp311-cp311-musllinux_1_1_x86_64.whl", hash = "sha256:55e9c5affaa6775e2c6b67659f3a71684de4c549b3dd9afca3bc773533d284fa", size = 1142073, upload-time = "2025-08-07T13:18:21.737Z" },
    { url = "https://files.pythonhosted.org/packages/67/24/28a5b2fa42d12b3d7e5614145f0bd89714c34c08be6aabe39c14dd52db34/greenlet-3.2.4-cp311-cp311-musllinux_1_2_aarch64.whl", hash = "sha256:c9c6de1940a7d828635fbd254d69db79e54619f165ee7ce32fda763a9cb6a58c", size = 1548385, upload-time = "2025-11-04T12:42:11.067Z" },
    { url = "https://files.pythonhosted.org/packages/6a/05/03f2f0bdd0b0ff9a4f7b99333d57b53a7709c27723ec8123056b084e69cd/greenlet-3.2.4-cp311-cp311-musllinux_1_2_x86_64.whl", hash = "sha256:03c5136e7be905045160b1b9fdca93dd6727b180feeafda6818e6496434ed8c5", size = 1613329, upload-time = "2025-11-04T12:42:12.928Z" },
    { url = "https://files.pythonhosted.org/packages/d8/0f/30aef242fcab550b0b3520b8e3561156857c94288f0332a79928c31a52cf/greenlet-3.2.4-cp311-cp311-win_amd64.whl", hash = "sha256:9c40adce87eaa9ddb593ccb0fa6a07caf34015a29bf8d344811665b573138db9", size = 299100, upload-time = "2025-08-07T13:44:12.287Z" },
]

[[package]]
name = "h11"
version = "0.16.0"
source = { registry = "https://pypi.org/simple" }
sdist = { url = "https://files.pythonhosted.org/packages/01/ee/02a2c011bdab74c6fb3c75474d40b3052059d95df7e73351460c8588d963/h11-0.16.0.tar.gz", hash = "sha256:4e35b956cf45792e4caa5885e69fba00bdbc6ffafbfa020300e549b208ee5ff1", size = 101250, upload-time = "2025-04-24T03:35:25.427Z" }
wheels = [
    { url = "https://files.pythonhosted.org/packages/04/4b/29cac41a4d98d144bf5f6d33995617b185d14b22401f75ca86f384e87ff1/h11-0.16.0-py3-none-any.whl", hash = "sha256:63cf8bbe7522de3bf65932fda1d9c2772064ffb3dae62d55932da54b31cb6c86", size = 37515, upload-time = "2025-04-24T03:35:24.344Z" },
]

[[package]]
name = "httpcore"
version = "1.0.9"
source = { registry = "https://pypi.org/simple" }
dependencies = [
    { name = "certifi" },
    { name = "h11" },
]
sdist = { url = "https://files.pythonhosted.org/packages/06/94/82699a10bca87a5556c9c59b5963f2d039dbd239f25bc2a63907a05a14cb/httpcore-1.0.9.tar.gz", hash = "sha256:6e34463af53fd2ab5d807f399a9b45ea31c3dfa2276f15a2c3f00afff6e176e8", size = 85484, upload-time = "2025-04-24T22:06:22.219Z" }
wheels = [
    { url = "https://files.pythonhosted.org/packages/7e/f5/f66802a942d491edb555dd61e3a9961140fd64c90bce1eafd741609d334d/httpcore-1.0.9-py3-none-any.whl", hash = "sha256:2d400746a40668fc9dec9810239072b40b4484b640a8c38fd654a024c7a1bf55", size = 78784, upload-time = "2025-04-24T22:06:20.566Z" },
]

[[package]]
name = "httpx"
version = "0.27.2"
source = { registry = "https://pypi.org/simple" }
dependencies = [
    { name = "anyio" },
    { name = "certifi" },
    { name = "httpcore" },
    { name = "idna" },
    { name = "sniffio" },
]
sdist = { url = "https://files.pythonhosted.org/packages/78/82/08f8c936781f67d9e6b9eeb8a0c8b4e406136ea4c3d1f89a5db71d42e0e6/httpx-0.27.2.tar.gz", hash = "sha256:f7c2be1d2f3c3c3160d441802406b206c2b76f5947b11115e6df10c6c65e66c2", size = 144189, upload-time = "2024-08-27T12:54:01.334Z" }
wheels = [
    { url = "https://files.pythonhosted.org/packages/56/95/9377bcb415797e44274b51d46e3249eba641711cf3348050f76ee7b15ffc/httpx-0.27.2-py3-none-any.whl", hash = "sha256:7bb2708e112d8fdd7829cd4243970f0c223274051cb35ee80c03301ee29a3df0", size = 76395, upload-time = "2024-08-27T12:53:59.653Z" },
]

[[package]]
name = "idna"
version = "3.11"
source = { registry = "https://pypi.org/simple" }
sdist = { url = "https://files.pythonhosted.org/packages/6f/6d/0703ccc57f3a7233505399edb88de3cbd678da106337b9fcde432b65ed60/idna-3.11.tar.gz", hash = "sha256:795dafcc9c04ed0c1fb032c2aa73654d8e8c5023a7df64a53f39190ada629902", size = 194582, upload-time = "2025-10-12T14:55:20.501Z" }
wheels = [
    { url = "https://files.pythonhosted.org/packages/0e/61/66938bbb5fc52dbdf84594873d5b51fb1f7c7794e9c0f5bd885f30bc507b/idna-3.11-py3-none-any.whl", hash = "sha256:771a87f49d9defaf64091e6e6fe9c18d4833f140bd19464795bc32d966ca37ea", size = 71008, upload-time = "2025-10-12T14:55:18.883Z" },
]

[[package]]
name = "iniconfig"
version = "2.3.0"
source = { registry = "https://pypi.org/simple" }
sdist = { url = "https://files.pythonhosted.org/packages/72/34/14ca021ce8e5dfedc35312d08ba8bf51fdd999c576889fc2c24cb97f4f10/iniconfig-2.3.0.tar.gz", hash = "sha256:c76315c77db068650d49c5b56314774a7804df16fee4402c1f19d6d15d8c4730", size = 20503, upload-time = "2025-10-18T21:55:43.219Z" }
wheels = [
    { url = "https://files.pythonhosted.org/packages/cb/b1/3846dd7f199d53cb17f49cba7e651e9ce294d8497c8c150530ed11865bb8/iniconfig-2.3.0-py3-none-any.whl", hash = "sha256:f631c04d2c48c52b84d0d0549c99ff3859c98df65b3101406327ecc7d53fbf12", size = 7484, upload-time = "2025-10-18T21:55:41.639Z" },
]

[[package]]
name = "packaging"
version = "25.0"
source = { registry = "https://pypi.org/simple" }
sdist = { url = "https://files.pythonhosted.org/packages/a1/d4/1fc4078c65507b51b96ca8f8c3ba19e6a61c8253c72794544580a7b6c24d/packaging-25.0.tar.gz", hash = "sha256:d443872c98d677bf60f6a1f2f8c1cb748e8fe762d2bf9d3148b5599295b0fc4f", size = 165727, upload-time = "2025-04-19T11:48:59.673Z" }
wheels = [
    { url = "https://files.pythonhosted.org/packages/20/12/38679034af332785aac8774540895e234f4d07f7545804097de4b666afd8/packaging-25.0-py3-none-any.whl", hash = "sha256:29572ef2b1f17581046b3a2227d5c611fb25ec70ca1ba8554b24b0e69331a484", size = 66469, upload-time = "2025-04-19T11:48:57.875Z" },
]

[[package]]
name = "pluggy"
version = "1.6.0"
source = { registry = "https://pypi.org/simple" }
sdist = { url = "https://files.pythonhosted.org/packages/f9/e2/3e91f31a7d2b083fe6ef3fa267035b518369d9511ffab804f839851d2779/pluggy-1.6.0.tar.gz", hash = "sha256:7dcc130b76258d33b90f61b658791dede3486c3e6bfb003ee5c9bfb396dd22f3", size = 69412, upload-time = "2025-05-15T12:30:07.975Z" }
wheels = [
    { url = "https://files.pythonhosted.org/packages/54/20/4d324d65cc6d9205fabedc306948156824eb9f0ee1633355a8f7ec5c66bf/pluggy-1.6.0-py3-none-any.whl", hash = "sha256:e920276dd6813095e9377c0bc5566d94c932c33b27a3e3945d8389c374dd4746", size = 20538, upload-time = "2025-05-15T12:30:06.134Z" },
]

[[package]]
name = "psycopg2-binary"
version = "2.9.11"
source = { registry = "https://pypi.org/simple" }
sdist = { url = "https://files.pythonhosted.org/packages/ac/6c/8767aaa597ba424643dc87348c6f1754dd9f48e80fdc1b9f7ca5c3a7c213/psycopg2-binary-2.9.11.tar.gz", hash = "sha256:b6aed9e096bf63f9e75edf2581aa9a7e7186d97ab5c177aa6c87797cd591236c", size = 379620, upload-time = "2025-10-10T11:14:48.041Z" }
wheels = [
    { url = "https://files.pythonhosted.org/packages/c7/ae/8d8266f6dd183ab4d48b95b9674034e1b482a3f8619b33a0d86438694577/psycopg2_binary-2.9.11-cp311-cp311-macosx_10_9_x86_64.whl", hash = "sha256:0e8480afd62362d0a6a27dd09e4ca2def6fa50ed3a4e7c09165266106b2ffa10", size = 3756452, upload-time = "2025-10-10T11:11:11.583Z" },
    { url = "https://files.pythonhosted.org/packages/4b/34/aa03d327739c1be70e09d01182619aca8ebab5970cd0cfa50dd8b9cec2ac/psycopg2_binary-2.9.11-cp311-cp311-macosx_11_0_arm64.whl", hash = "sha256:763c93ef1df3da6d1a90f86ea7f3f806dc06b21c198fa87c3c25504abec9404a", size = 3863957, upload-time = "2025-10-10T11:11:16.932Z" },
    { url = "https://files.pythonhosted.org/packages/48/89/3fdb5902bdab8868bbedc1c6e6023a4e08112ceac5db97fc2012060e0c9a/psycopg2_binary-2.9.11-cp311-cp311-manylinux2014_aarch64.manylinux_2_17_aarch64.whl", hash = "sha256:2e164359396576a3cc701ba8af4751ae68a07235d7a380c631184a611220d9a4", size = 4410955, upload-time = "2025-10-10T11:11:21.21Z" },
    { url = "https://files.pythonhosted.org/packages/ce/24/e18339c407a13c72b336e0d9013fbbbde77b6fd13e853979019a1269519c/psycopg2_binary-2.9.11-cp311-cp311-manylinux2014_ppc64le.manylinux_2_17_ppc64le.whl", hash = "sha256:d57c9c387660b8893093459738b6abddbb30a7eab058b77b0d0d1c7d521ddfd7", size = 4468007, upload-time = "2025-10-10T11:11:24.831Z" },
    { url = "https://files.pythonhosted.org/packages/91/7e/b8441e831a0f16c159b5381698f9f7f7ed54b77d57bc9c5f99144cc78232/psycopg2_binary-2.9.11-cp311-cp311-manylinux2014_x86_64.manylinux_2_17_x86_64.whl", hash = "sha256:2c226ef95eb2250974bf6fa7a842082b31f68385c4f3268370e3f3870e7859ee", size = 4165012, upload-time = "2025-10-10T11:11:29.51Z" },
    { url = "https://files.pythonhosted.org/packages/0d/61/4aa89eeb6d751f05178a13da95516c036e27468c5d4d2509bb1e15341c81/psycopg2_binary-2.9.11-cp311-cp311-manylinux_2_38_riscv64.manylinux_2_39_riscv64.whl", hash = "sha256:a311f1edc9967723d3511ea7d2708e2c3592e3405677bf53d5c7246753591fbb", size = 3981881, upload-time = "2025-10-30T02:55:07.332Z" },
    { url = "https://files.pythonhosted.org/packages/76/a1/2f5841cae4c635a9459fe7aca8ed771336e9383b6429e05c01267b0774cf/psycopg2_binary-2.9.11-cp311-cp311-musllinux_1_2_aarch64.whl", hash = "sha256:ebb415404821b6d1c47353ebe9c8645967a5235e6d88f914147e7fd411419e6f", size = 3650985, upload-time = "2025-10-10T11:11:34.975Z" },
    { url = "https://files.pythonhosted.org/packages/84/74/4defcac9d002bca5709951b975173c8c2fa968e1a95dc713f61b3a8d3b6a/psycopg2_binary-2.9.11-cp311-cp311-musllinux_1_2_ppc64le.whl", hash = "sha256:f07c9c4a5093258a03b28fab9b4f151aa376989e7f35f855088234e656ee6a94", size = 3296039, upload-time = "2025-10-10T11:11:40.432Z" },
    { url = "https://files.pythonhosted.org/packages/6d/c2/782a3c64403d8ce35b5c50e1b684412cf94f171dc18111be8c976abd2de1/psycopg2_binary-2.9.11-cp311-cp311-musllinux_1_2_riscv64.whl", hash = "sha256:00ce1830d971f43b667abe4a56e42c1e2d594b32da4802e44a73bacacb25535f", size = 3043477, upload-time = "2025-10-30T02:55:11.182Z" },
    { url = "https://files.pythonhosted.org/packages/c8/31/36a1d8e702aa35c38fc117c2b8be3f182613faa25d794b8aeaab948d4c03/psycopg2_binary-2.9.11-cp311-cp311-musllinux_1_2_x86_64.whl", hash = "sha256:cffe9d7697ae7456649617e8bb8d7a45afb71cd13f7ab22af3e5c61f04840908", size = 3345842, upload-time = "2025-10-10T11:11:45.366Z" },
    { url = "https://files.pythonhosted.org/packages/6e/b4/a5375cda5b54cb95ee9b836930fea30ae5a8f14aa97da7821722323d979b/psycopg2_binary-2.9.11-cp311-cp311-win_amd64.whl", hash = "sha256:304fd7b7f97eef30e91b8f7e720b3db75fee010b520e434ea35ed1ff22501d03", size = 2713894, upload-time = "2025-10-10T11:11:48.775Z" },
]

[[package]]
name = "pydantic"
version = "2.8.2"
source = { registry = "https://pypi.org/simple" }
dependencies = [
    { name = "annotated-types" },
    { name = "pydantic-core" },
    { name = "typing-extensions" },
]
sdist = { url = "https://files.pythonhosted.org/packages/8c/99/d0a5dca411e0a017762258013ba9905cd6e7baa9a3fd1fe8b6529472902e/pydantic-2.8.2.tar.gz", hash = "sha256:6f62c13d067b0755ad1c21a34bdd06c0c12625a22b0fc09c6b149816604f7c2a", size = 739834, upload-time = "2024-07-04T02:59:49.416Z" }
wheels = [
    { url = "https://files.pythonhosted.org/packages/1f/fa/b7f815b8c9ad021c07f88875b601222ef5e70619391ade4a49234d12d278/pydantic-2.8.2-py3-none-any.whl", hash = "sha256:73ee9fddd406dc318b885c7a2eab8a6472b68b8fb5ba8150949fc3db939f23c8", size = 423875, upload-time = "2024-07-04T02:59:45.33Z" },
]

[[package]]
name = "pydantic-core"
version = "2.20.1"
source = { registry = "https://pypi.org/simple" }
dependencies = [
    { name = "typing-extensions" },
]
sdist = { url = "https://files.pythonhosted.org/packages/12/e3/0d5ad91211dba310f7ded335f4dad871172b9cc9ce204f5a56d76ccd6247/pydantic_core-2.20.1.tar.gz", hash = "sha256:26ca695eeee5f9f1aeeb211ffc12f10bcb6f71e2989988fda61dabd65db878d4", size = 388371, upload-time = "2024-07-03T17:04:13.963Z" }
wheels = [
    { url = "https://files.pythonhosted.org/packages/61/db/f6a724db226d990a329910727cfac43539ff6969edc217286dd05cda3ef6/pydantic_core-2.20.1-cp311-cp311-macosx_10_12_x86_64.whl", hash = "sha256:d2a8fa9d6d6f891f3deec72f5cc668e6f66b188ab14bb1ab52422fe8e644f312", size = 1834507, upload-time = "2024-07-03T17:00:44.754Z" },
    { url = "https://files.pythonhosted.org/packages/9b/83/6f2bfe75209d557ae1c3550c1252684fc1827b8b12fbed84c3b4439e135d/pydantic_core-2.20.1-cp311-cp311-macosx_11_0_arm64.whl", hash = "sha256:175873691124f3d0da55aeea1d90660a6ea7a3cfea137c38afa0a5ffabe37b88", size = 1773527, upload-time = "2024-07-03T17:00:47.141Z" },
    { url = "https://files.pythonhosted.org/packages/93/ef/513ea76d7ca81f2354bb9c8d7839fc1157673e652613f7e1aff17d8ce05d/pydantic_core-2.20.1-cp311-cp311-manylinux_2_17_aarch64.manylinux2014_aarch64.whl", hash = "sha256:37eee5b638f0e0dcd18d21f59b679686bbd18917b87db0193ae36f9c23c355fc", size = 1787879, upload-time = "2024-07-03T17:00:49.729Z" },
    { url = "https://files.pythonhosted.org/packages/31/0a/ac294caecf235f0cc651de6232f1642bb793af448d1cfc541b0dc1fd72b8/pydantic_core-2.20.1-cp311-cp311-manylinux_2_17_armv7l.manylinux2014_armv7l.whl", hash = "sha256:25e9185e2d06c16ee438ed39bf62935ec436474a6ac4f9358524220f1b236e43", size = 1774694, upload-time = "2024-07-03T17:00:52.201Z" },
    { url = "https://files.pythonhosted.org/packages/46/a4/08f12b5512f095963550a7cb49ae010e3f8f3f22b45e508c2cb4d7744fce/pydantic_core-2.20.1-cp311-cp311-manylinux_2_17_ppc64le.manylinux2014_ppc64le.whl", hash = "sha256:150906b40ff188a3260cbee25380e7494ee85048584998c1e66df0c7a11c17a6", size = 1976369, upload-time = "2024-07-03T17:00:55.025Z" },
    { url = "https://files.pythonhosted.org/packages/15/59/b2495be4410462aedb399071c71884042a2c6443319cbf62d00b4a7ed7a5/pydantic_core-2.20.1-cp311-cp311-manylinux_2_17_s390x.manylinux2014_s390x.whl", hash = "sha256:8ad4aeb3e9a97286573c03df758fc7627aecdd02f1da04516a86dc159bf70121", size = 2691250, upload-time = "2024-07-03T17:00:57.166Z" },
    { url = "https://files.pythonhosted.org/packages/3c/ae/fc99ce1ba791c9e9d1dee04ce80eef1dae5b25b27e3fc8e19f4e3f1348bf/pydantic_core-2.20.1-cp311-cp311-manylinux_2_17_x86_64.manylinux2014_x86_64.whl", hash = "sha256:d3f3ed29cd9f978c604708511a1f9c2fdcb6c38b9aae36a51905b8811ee5cbf1", size = 2061462, upload-time = "2024-07-03T17:00:59.381Z" },
    { url = "https://files.pythonhosted.org/packages/44/bb/eb07cbe47cfd638603ce3cb8c220f1a054b821e666509e535f27ba07ca5f/pydantic_core-2.20.1-cp311-cp311-manylinux_2_5_i686.manylinux1_i686.whl", hash = "sha256:b0dae11d8f5ded51699c74d9548dcc5938e0804cc8298ec0aa0da95c21fff57b", size = 1893923, upload-time = "2024-07-03T17:01:01.943Z" },
    { url = "https://files.pythonhosted.org/packages/ce/ef/5a52400553b8faa0e7f11fd7a2ba11e8d2feb50b540f9e7973c49b97eac0/pydantic_core-2.20.1-cp311-cp311-musllinux_1_1_aarch64.whl", hash = "sha256:faa6b09ee09433b87992fb5a2859efd1c264ddc37280d2dd5db502126d0e7f27", size = 1966779, upload-time = "2024-07-03T17:01:04.864Z" },
    { url = "https://files.pythonhosted.org/packages/4c/5b/fb37fe341344d9651f5c5f579639cd97d50a457dc53901aa8f7e9f28beb9/pydantic_core-2.20.1-cp311-cp311-musllinux_1_1_x86_64.whl", hash = "sha256:9dc1b507c12eb0481d071f3c1808f0529ad41dc415d0ca11f7ebfc666e66a18b", size = 2109044, upload-time = "2024-07-03T17:01:07.241Z" },
    { url = "https://files.pythonhosted.org/packages/70/1a/6f7278802dbc66716661618807ab0dfa4fc32b09d1235923bbbe8b3a5757/pydantic_core-2.20.1-cp311-none-win32.whl", hash = "sha256:fa2fddcb7107e0d1808086ca306dcade7df60a13a6c347a7acf1ec139aa6789a", size = 1708265, upload-time = "2024-07-03T17:01:11.061Z" },
    { url = "https://files.pythonhosted.org/packages/35/7f/58758c42c61b0bdd585158586fecea295523d49933cb33664ea888162daf/pydantic_core-2.20.1-cp311-none-win_amd64.whl", hash = "sha256:40a783fb7ee353c50bd3853e626f15677ea527ae556429453685ae32280c19c2", size = 1901750, upload-time = "2024-07-03T17:01:13.335Z" },
]

[[package]]
name = "pydantic-settings"
version = "2.12.0"
source = { registry = "https://pypi.org/simple" }
dependencies = [
    { name = "pydantic" },
    { name = "python-dotenv" },
    { name = "typing-inspection" },
]
sdist = { url = "https://files.pythonhosted.org/packages/43/4b/ac7e0aae12027748076d72a8764ff1c9d82ca75a7a52622e67ed3f765c54/pydantic_settings-2.12.0.tar.gz", hash = "sha256:005538ef951e3c2a68e1c08b292b5f2e71490def8589d4221b95dab00dafcfd0", size = 194184, upload-time = "2025-11-10T14:25:47.013Z" }
wheels = [
    { url = "https://files.pythonhosted.org/packages/c1/60/5d4751ba3f4a40a6891f24eec885f51afd78d208498268c734e256fb13c4/pydantic_settings-2.12.0-py3-none-any.whl", hash = "sha256:fddb9fd99a5b18da837b29710391e945b1e30c135477f484084ee513adb93809", size = 51880, upload-time = "2025-11-10T14:25:45.546Z" },
]

[[package]]
name = "pygments"
version = "2.19.2"
source = { registry = "https://pypi.org/simple" }
sdist = { url = "https://files.pythonhosted.org/packages/b0/77/a5b8c569bf593b0140bde72ea885a803b82086995367bf2037de0159d924/pygments-2.19.2.tar.gz", hash = "sha256:636cb2477cec7f8952536970bc533bc43743542f70392ae026374600add5b887", size = 4968631, upload-time = "2025-06-21T13:39:12.283Z" }
wheels = [
    { url = "https://files.pythonhosted.org/packages/c7/21/705964c7812476f378728bdf590ca4b771ec72385c533964653c68e86bdc/pygments-2.19.2-py3-none-any.whl", hash = "sha256:86540386c03d588bb81d44bc3928634ff26449851e99741617ecb9037ee5ec0b", size = 1225217, upload-time = "2025-06-21T13:39:07.939Z" },
]

[[package]]
name = "pytest"
version = "8.4.2"
source = { registry = "https://pypi.org/simple" }
dependencies = [
    { name = "colorama", marker = "sys_platform == 'win32'" },
    { name = "iniconfig" },
    { name = "packaging" },
    { name = "pluggy" },
    { name = "pygments" },
]
sdist = { url = "https://files.pythonhosted.org/packages/a3/5c/00a0e072241553e1a7496d638deababa67c5058571567b92a7eaa258397c/pytest-8.4.2.tar.gz", hash = "sha256:86c0d0b93306b961d58d62a4db4879f27fe25513d4b969df351abdddb3c30e01", size = 1519618, upload-time = "2025-09-04T14:34:22.711Z" }
wheels = [
    { url = "https://files.pythonhosted.org/packages/a8/a4/20da314d277121d6534b3a980b29035dcd51e6744bd79075a6ce8fa4eb8d/pytest-8.4.2-py3-none-any.whl", hash = "sha256:872f880de3fc3a5bdc88a11b39c9710c3497a547cfa9320bc3c5e62fbf272e79", size = 365750, upload-time = "2025-09-04T14:34:20.226Z" },
]

[[package]]
name = "python-dotenv"
version = "1.2.1"
source = { registry = "https://pypi.org/simple" }
sdist = { url = "https://files.pythonhosted.org/packages/f0/26/19cadc79a718c5edbec86fd4919a6b6d3f681039a2f6d66d14be94e75fb9/python_dotenv-1.2.1.tar.gz", hash = "sha256:42667e897e16ab0d66954af0e60a9caa94f0fd4ecf3aaf6d2d260eec1aa36ad6", size = 44221, upload-time = "2025-10-26T15:12:10.434Z" }
wheels = [
    { url = "https://files.pythonhosted.org/packages/14/1b/a298b06749107c305e1fe0f814c6c74aea7b2f1e10989cb30f544a1b3253/python_dotenv-1.2.1-py3-none-any.whl", hash = "sha256:b81ee9561e9ca4004139c6cbba3a238c32b03e4894671e181b671e8cb8425d61", size = 21230, upload-time = "2025-10-26T15:12:09.109Z" },
]

[[package]]
name = "sniffio"
version = "1.3.1"
source = { registry = "https://pypi.org/simple" }
sdist = { url = "https://files.pythonhosted.org/packages/a2/87/a6771e1546d97e7e041b6ae58d80074f81b7d5121207425c964ddf5cfdbd/sniffio-1.3.1.tar.gz", hash = "sha256:f4324edc670a0f49750a81b895f35c3adb843cca46f0530f79fc1babb23789dc", size = 20372, upload-time = "2024-02-25T23:20:04.057Z" }
wheels = [
    { url = "https://files.pythonhosted.org/packages/e9/44/75a9c9421471a6c4805dbf2356f7c181a29c1879239abab1ea2cc8f38b40/sniffio-1.3.1-py3-none-any.whl", hash = "sha256:2f6da418d1f1e0fddd844478f41680e794e6051915791a034ff65e5f100525a2", size = 10235, upload-time = "2024-02-25T23:20:01.196Z" },
]

[[package]]
name = "sqlalchemy"
version = "2.0.44"
source = { registry = "https://pypi.org/simple" }
dependencies = [
    { name = "greenlet", marker = "platform_machine == 'AMD64' or platform_machine == 'WIN32' or platform_machine == 'aarch64' or platform_machine == 'amd64' or platform_machine == 'ppc64le' or platform_machine == 'win32' or platform_machine == 'x86_64'" },
    { name = "typing-extensions" },
]
sdist = { url = "https://files.pythonhosted.org/packages/f0/f2/840d7b9496825333f532d2e3976b8eadbf52034178aac53630d09fe6e1ef/sqlalchemy-2.0.44.tar.gz", hash = "sha256:0ae7454e1ab1d780aee69fd2aae7d6b8670a581d8847f2d1e0f7ddfbf47e5a22", size = 9819830, upload-time = "2025-10-10T14:39:12.935Z" }
wheels = [
    { url = "https://files.pythonhosted.org/packages/e3/81/15d7c161c9ddf0900b076b55345872ed04ff1ed6a0666e5e94ab44b0163c/sqlalchemy-2.0.44-cp311-cp311-macosx_10_9_x86_64.whl", hash = "sha256:0fe3917059c7ab2ee3f35e77757062b1bea10a0b6ca633c58391e3f3c6c488dd", size = 2140517, upload-time = "2025-10-10T15:36:15.64Z" },
    { url = "https://files.pythonhosted.org/packages/d4/d5/4abd13b245c7d91bdf131d4916fd9e96a584dac74215f8b5bc945206a974/sqlalchemy-2.0.44-cp311-cp311-macosx_11_0_arm64.whl", hash = "sha256:de4387a354ff230bc979b46b2207af841dc8bf29847b6c7dbe60af186d97aefa", size = 2130738, upload-time = "2025-10-10T15:36:16.91Z" },
    { url = "https://files.pythonhosted.org/packages/cb/3c/8418969879c26522019c1025171cefbb2a8586b6789ea13254ac602986c0/sqlalchemy-2.0.44-cp311-cp311-manylinux_2_17_aarch64.manylinux2014_aarch64.whl", hash = "sha256:c3678a0fb72c8a6a29422b2732fe423db3ce119c34421b5f9955873eb9b62c1e", size = 3304145, upload-time = "2025-10-10T15:34:19.569Z" },
    { url = "https://files.pythonhosted.org/packages/94/2d/fdb9246d9d32518bda5d90f4b65030b9bf403a935cfe4c36a474846517cb/sqlalchemy-2.0.44-cp311-cp311-manylinux_2_17_x86_64.manylinux2014_x86_64.whl", hash = "sha256:3cf6872a23601672d61a68f390e44703442639a12ee9dd5a88bbce52a695e46e", size = 3304511, upload-time = "2025-10-10T15:47:05.088Z" },
    { url = "https://files.pythonhosted.org/packages/7d/fb/40f2ad1da97d5c83f6c1269664678293d3fe28e90ad17a1093b735420549/sqlalchemy-2.0.44-cp311-cp311-musllinux_1_2_aarch64.whl", hash = "sha256:329aa42d1be9929603f406186630135be1e7a42569540577ba2c69952b7cf399", size = 3235161, upload-time = "2025-10-10T15:34:21.193Z" },
    { url = "https://files.pythonhosted.org/packages/95/cb/7cf4078b46752dca917d18cf31910d4eff6076e5b513c2d66100c4293d83/sqlalchemy-2.0.44-cp311-cp311-musllinux_1_2_x86_64.whl", hash = "sha256:70e03833faca7166e6a9927fbee7c27e6ecde436774cd0b24bbcc96353bce06b", size = 3261426, upload-time = "2025-10-10T15:47:07.196Z" },
    { url = "https://files.pythonhosted.org/packages/f8/3b/55c09b285cb2d55bdfa711e778bdffdd0dc3ffa052b0af41f1c5d6e582fa/sqlalchemy-2.0.44-cp311-cp311-win32.whl", hash = "sha256:253e2f29843fb303eca6b2fc645aca91fa7aa0aa70b38b6950da92d44ff267f3", size = 2105392, upload-time = "2025-10-10T15:38:20.051Z" },
    { url = "https://files.pythonhosted.org/packages/c7/23/907193c2f4d680aedbfbdf7bf24c13925e3c7c292e813326c1b84a0b878e/sqlalchemy-2.0.44-cp311-cp311-win_amd64.whl", hash = "sha256:7a8694107eb4308a13b425ca8c0e67112f8134c846b6e1f722698708741215d5", size = 2130293, upload-time = "2025-10-10T15:38:21.601Z" },
    { url = "https://files.pythonhosted.org/packages/9c/5e/6a29fa884d9fb7ddadf6b69490a9d45fded3b38541713010dad16b77d015/sqlalchemy-2.0.44-py3-none-any.whl", hash = "sha256:19de7ca1246fbef9f9d1bff8f1ab25641569df226364a0e40457dc5457c54b05", size = 1928718, upload-time = "2025-10-10T15:29:45.32Z" },
]

[[package]]
name = "typing-extensions"
version = "4.15.0"
source = { registry = "https://pypi.org/simple" }
sdist = { url = "https://files.pythonhosted.org/packages/72/94/1a15dd82efb362ac84269196e94cf00f187f7ed21c242792a923cdb1c61f/typing_extensions-4.15.0.tar.gz", hash = "sha256:0cea48d173cc12fa28ecabc3b837ea3cf6f38c6d1136f85cbaaf598984861466", size = 109391, upload-time = "2025-08-25T13:49:26.313Z" }
wheels = [
    { url = "https://files.pythonhosted.org/packages/18/67/36e9267722cc04a6b9f15c7f3441c2363321a3ea07da7ae0c0707beb2a9c/typing_extensions-4.15.0-py3-none-any.whl", hash = "sha256:f0fa19c6845758ab08074a0cfa8b7aecb71c999ca73d62883bc25cc018c4e548", size = 44614, upload-time = "2025-08-25T13:49:24.86Z" },
]

[[package]]
name = "typing-inspection"
version = "0.4.2"
source = { registry = "https://pypi.org/simple" }
dependencies = [
    { name = "typing-extensions" },
]
sdist = { url = "https://files.pythonhosted.org/packages/55/e3/70399cb7dd41c10ac53367ae42139cf4b1ca5f36bb3dc6c9d33acdb43655/typing_inspection-0.4.2.tar.gz", hash = "sha256:ba561c48a67c5958007083d386c3295464928b01faa735ab8547c5692e87f464", size = 75949, upload-time = "2025-10-01T02:14:41.687Z" }
wheels = [
    { url = "https://files.pythonhosted.org/packages/dc/9b/47798a6c91d8bdb567fe2698fe81e0c6b7cb7ef4d13da4114b41d239f65d/typing_inspection-0.4.2-py3-none-any.whl", hash = "sha256:4ed1cacbdc298c220f1bd249ed5287caa16f34d44ef4e9c3d0cbad5b521545e7", size = 14611, upload-time = "2025-10-01T02:14:40.154Z" },
]

[[package]]
name = "wildfire-nowcast-ingest"
version = "0.1.0"
source = { virtual = "." }
dependencies = [
    { name = "httpx" },
    { name = "psycopg2-binary" },
    { name = "pydantic" },
    { name = "pydantic-settings" },
    { name = "python-dotenv" },
    { name = "sqlalchemy" },
]

[package.dev-dependencies]
dev = [
    { name = "pytest" },
]

[package.metadata]
requires-dist = [
    { name = "httpx", specifier = ">=0.27.0,<0.28.0" },
    { name = "psycopg2-binary", specifier = ">=2.9.0,<3.0.0" },
    { name = "pydantic", specifier = ">=2.8.2,<2.9.0" },
    { name = "pydantic-settings", specifier = ">=2.0.0,<3.0.0" },
    { name = "python-dotenv", specifier = ">=1.0.0,<2.0.0" },
    { name = "sqlalchemy", specifier = ">=2.0.0,<3.0.0" },
]

[package.metadata.requires-dev]
dev = [{ name = "pytest", specifier = ">=8.0.0,<9.0.0" }]
